{
  "name": "ocaml-debugger",
  "version": "411.0.0",
  "lockfileVersion": 1,
  "requires": true,
  "dependencies": {
    "@types/node": {
      "version": "14.14.22",
      "resolved": "https://registry.npmjs.org/@types/node/-/node-14.14.22.tgz",
      "integrity": "sha512-g+f/qj/cNcqKkc3tFqlXOYjrmZA+jNBiDzbP3kH+B+otKFqAdPgVTGP1IeKRdMml/aE69as5S4FqtxAbl+LaMw==",
      "dev": true
    },
    "@types/vscode": {
      "version": "1.52.0",
      "resolved": "https://registry.npmjs.org/@types/vscode/-/vscode-1.52.0.tgz",
      "integrity": "sha512-Kt3bvWzAvvF/WH9YEcrCICDp0Z7aHhJGhLJ1BxeyNP6yRjonWqWnAIh35/pXAjswAnWOABrYlF7SwXR9+1nnLA==",
      "dev": true
    }
  }
}
