{
  "name": "ocamlearlybird",
  "version": "1.2.0",
  "lockfileVersion": 2,
  "requires": true,
  "packages": {
    "": {
      "name": "ocamlearlybird",
      "version": "1.2.0",
      "devDependencies": {
        "@types/node": "^14.14.22",
        "@types/vscode": "^1.54.0",
        "prettier": "2.4.1"
      },
      "engines": {
        "vscode": "^1.54.0"
      }
    },
    "node_modules/@types/node": {
      "version": "14.14.22",
      "resolved": "https://registry.npmjs.org/@types/node/-/node-14.14.22.tgz",
      "integrity": "sha512-g+f/qj/cNcqKkc3tFqlXOYjrmZA+jNBiDzbP3kH+B+otKFqAdPgVTGP1IeKRdMml/aE69as5S4FqtxAbl+LaMw==",
      "dev": true
    },
    "node_modules/@types/vscode": {
      "version": "1.54.0",
      "resolved": "https://registry.npmjs.org/@types/vscode/-/vscode-1.54.0.tgz",
      "integrity": "sha512-sHHw9HG4bTrnKhLGgmEiOS88OLO/2RQytUN4COX9Djv81zc0FSZsSiYaVyjNidDzUSpXsySKBkZ31lk2/FbdCg==",
      "dev": true
    },
    "node_modules/prettier": {
      "version": "2.4.1",
      "resolved": "https://registry.npmjs.org/prettier/-/prettier-2.4.1.tgz",
      "integrity": "sha512-9fbDAXSBcc6Bs1mZrDYb3XKzDLm4EXXL9sC1LqKP5rZkT6KRr/rf9amVUcODVXgguK/isJz0d0hP72WeaKWsvA==",
      "dev": true,
      "bin": {
        "prettier": "bin-prettier.js"
      },
      "engines": {
        "node": ">=10.13.0"
      }
    }
  },
  "dependencies": {
    "@types/node": {
      "version": "14.14.22",
      "resolved": "https://registry.npmjs.org/@types/node/-/node-14.14.22.tgz",
      "integrity": "sha512-g+f/qj/cNcqKkc3tFqlXOYjrmZA+jNBiDzbP3kH+B+otKFqAdPgVTGP1IeKRdMml/aE69as5S4FqtxAbl+LaMw==",
      "dev": true
    },
    "@types/vscode": {
      "version": "1.54.0",
      "resolved": "https://registry.npmjs.org/@types/vscode/-/vscode-1.54.0.tgz",
      "integrity": "sha512-sHHw9HG4bTrnKhLGgmEiOS88OLO/2RQytUN4COX9Djv81zc0FSZsSiYaVyjNidDzUSpXsySKBkZ31lk2/FbdCg==",
      "dev": true
    },
    "prettier": {
      "version": "2.4.1",
      "resolved": "https://registry.npmjs.org/prettier/-/prettier-2.4.1.tgz",
      "integrity": "sha512-9fbDAXSBcc6Bs1mZrDYb3XKzDLm4EXXL9sC1LqKP5rZkT6KRr/rf9amVUcODVXgguK/isJz0d0hP72WeaKWsvA==",
      "dev": true
    }
  }
}
